// !$*UTF8*$!
{
	archiveVersion = 1;
	classes = {
	};
	objectVersion = 46;
	objects = {

/* Begin PBXBuildFile section */
		D52B8D151E299D4700644367 /* AppDelegate.swift in Sources */ = {isa = PBXBuildFile; fileRef = D52B8D141E299D4700644367 /* AppDelegate.swift */; };
		D52B8D171E299D4700644367 /* MainVC.swift in Sources */ = {isa = PBXBuildFile; fileRef = D52B8D161E299D4700644367 /* MainVC.swift */; };
		D52B8D1A1E299D4700644367 /* Main.storyboard in Resources */ = {isa = PBXBuildFile; fileRef = D52B8D181E299D4700644367 /* Main.storyboard */; };
		D52B8D1C1E299D4700644367 /* Assets.xcassets in Resources */ = {isa = PBXBuildFile; fileRef = D52B8D1B1E299D4700644367 /* Assets.xcassets */; };
		D52B8D1F1E299D4700644367 /* LaunchScreen.storyboard in Resources */ = {isa = PBXBuildFile; fileRef = D52B8D1D1E299D4700644367 /* LaunchScreen.storyboard */; };
		D52B8D2A1E29A56700644367 /* still time.ttf in Resources */ = {isa = PBXBuildFile; fileRef = D52B8D291E29A56700644367 /* still time.ttf */; };
		D52B8D2E1E29A6A900644367 /* VideoVC.swift in Sources */ = {isa = PBXBuildFile; fileRef = D52B8D2D1E29A6A900644367 /* VideoVC.swift */; };
		D52B8D301E29A7A900644367 /* PartyCell.swift in Sources */ = {isa = PBXBuildFile; fileRef = D52B8D2F1E29A7A900644367 /* PartyCell.swift */; };
		D52B8D321E29AADC00644367 /* PartyRock.swift in Sources */ = {isa = PBXBuildFile; fileRef = D52B8D311E29AADC00644367 /* PartyRock.swift */; };
/* End PBXBuildFile section */

/* Begin PBXFileReference section */
		D52B8D111E299D4700644367 /* PartyRockApp.app */ = {isa = PBXFileReference; explicitFileType = wrapper.application; includeInIndex = 0; path = PartyRockApp.app; sourceTree = BUILT_PRODUCTS_DIR; };
		D52B8D141E299D4700644367 /* AppDelegate.swift */ = {isa = PBXFileReference; lastKnownFileType = sourcecode.swift; path = AppDelegate.swift; sourceTree = "<group>"; };
		D52B8D161E299D4700644367 /* MainVC.swift */ = {isa = PBXFileReference; lastKnownFileType = sourcecode.swift; path = MainVC.swift; sourceTree = "<group>"; };
		D52B8D191E299D4700644367 /* Base */ = {isa = PBXFileReference; lastKnownFileType = file.storyboard; name = Base; path = Base.lproj/Main.storyboard; sourceTree = "<group>"; };
		D52B8D1B1E299D4700644367 /* Assets.xcassets */ = {isa = PBXFileReference; lastKnownFileType = folder.assetcatalog; path = Assets.xcassets; sourceTree = "<group>"; };
		D52B8D1E1E299D4700644367 /* Base */ = {isa = PBXFileReference; lastKnownFileType = file.storyboard; name = Base; path = Base.lproj/LaunchScreen.storyboard; sourceTree = "<group>"; };
		D52B8D201E299D4700644367 /* Info.plist */ = {isa = PBXFileReference; lastKnownFileType = text.plist.xml; path = Info.plist; sourceTree = "<group>"; };
		D52B8D291E29A56700644367 /* still time.ttf */ = {isa = PBXFileReference; lastKnownFileType = file; path = "still time.ttf"; sourceTree = "<group>"; };
		D52B8D2D1E29A6A900644367 /* VideoVC.swift */ = {isa = PBXFileReference; fileEncoding = 4; lastKnownFileType = sourcecode.swift; path = VideoVC.swift; sourceTree = "<group>"; };
		D52B8D2F1E29A7A900644367 /* PartyCell.swift */ = {isa = PBXFileReference; fileEncoding = 4; lastKnownFileType = sourcecode.swift; path = PartyCell.swift; sourceTree = "<group>"; };
		D52B8D311E29AADC00644367 /* PartyRock.swift */ = {isa = PBXFileReference; fileEncoding = 4; lastKnownFileType = sourcecode.swift; path = PartyRock.swift; sourceTree = "<group>"; };
/* End PBXFileReference section */

/* Begin PBXFrameworksBuildPhase section */
		D52B8D0E1E299D4700644367 /* Frameworks */ = {
			isa = PBXFrameworksBuildPhase;
			buildActionMask = 2147483647;
			files = (
			);
			runOnlyForDeploymentPostprocessing = 0;
		};
/* End PBXFrameworksBuildPhase section */

/* Begin PBXGroup section */
		D52B8D081E299D4700644367 = {
			isa = PBXGroup;
			children = (
				D52B8D131E299D4700644367 /* PartyRockApp */,
				D52B8D121E299D4700644367 /* Products */,
			);
			sourceTree = "<group>";
		};
		D52B8D121E299D4700644367 /* Products */ = {
			isa = PBXGroup;
			children = (
				D52B8D111E299D4700644367 /* PartyRockApp.app */,
			);
			name = Products;
			sourceTree = "<group>";
		};
		D52B8D131E299D4700644367 /* PartyRockApp */ = {
			isa = PBXGroup;
			children = (
				D52B8D2C1E29A58C00644367 /* Files */,
				D52B8D281E299DB900644367 /* Model */,
				D52B8D271E299DA900644367 /* View */,
				D52B8D261E299D7A00644367 /* Controller */,
				D52B8D141E299D4700644367 /* AppDelegate.swift */,
				D52B8D181E299D4700644367 /* Main.storyboard */,
				D52B8D1D1E299D4700644367 /* LaunchScreen.storyboard */,
				D52B8D1B1E299D4700644367 /* Assets.xcassets */,
				D52B8D201E299D4700644367 /* Info.plist */,
			);
			path = PartyRockApp;
			sourceTree = "<group>";
		};
		D52B8D261E299D7A00644367 /* Controller */ = {
			isa = PBXGroup;
			children = (
				D52B8D161E299D4700644367 /* MainVC.swift */,
				D52B8D2D1E29A6A900644367 /* VideoVC.swift */,
			);
			name = Controller;
			sourceTree = "<group>";
		};
		D52B8D271E299DA900644367 /* View */ = {
			isa = PBXGroup;
			children = (
				D52B8D2F1E29A7A900644367 /* PartyCell.swift */,
			);
			name = View;
			sourceTree = "<group>";
		};
		D52B8D281E299DB900644367 /* Model */ = {
			isa = PBXGroup;
			children = (
				D52B8D311E29AADC00644367 /* PartyRock.swift */,
			);
			name = Model;
			sourceTree = "<group>";
		};
		D52B8D2C1E29A58C00644367 /* Files */ = {
			isa = PBXGroup;
			children = (
				D52B8D291E29A56700644367 /* still time.ttf */,
			);
			name = Files;
			sourceTree = "<group>";
		};
/* End PBXGroup section */

/* Begin PBXNativeTarget section */
		D52B8D101E299D4700644367 /* PartyRockApp */ = {
			isa = PBXNativeTarget;
			buildConfigurationList = D52B8D231E299D4700644367 /* Build configuration list for PBXNativeTarget "PartyRockApp" */;
			buildPhases = (
				D52B8D0D1E299D4700644367 /* Sources */,
				D52B8D0E1E299D4700644367 /* Frameworks */,
				D52B8D0F1E299D4700644367 /* Resources */,
			);
			buildRules = (
			);
			dependencies = (
			);
			name = PartyRockApp;
			productName = PartyRockApp;
			productReference = D52B8D111E299D4700644367 /* PartyRockApp.app */;
			productType = "com.apple.product-type.application";
		};
/* End PBXNativeTarget section */

/* Begin PBXProject section */
		D52B8D091E299D4700644367 /* Project object */ = {
			isa = PBXProject;
			attributes = {
				LastSwiftUpdateCheck = 0820;
				LastUpgradeCheck = 0820;
				ORGANIZATIONNAME = HSI;
				TargetAttributes = {
					D52B8D101E299D4700644367 = {
						CreatedOnToolsVersion = 8.2.1;
						DevelopmentTeam = 557RECA93T;
						ProvisioningStyle = Automatic;
					};
				};
			};
			buildConfigurationList = D52B8D0C1E299D4700644367 /* Build configuration list for PBXProject "PartyRockApp" */;
			compatibilityVersion = "Xcode 3.2";
			developmentRegion = English;
			hasScannedForEncodings = 0;
			knownRegions = (
				en,
				Base,
			);
			mainGroup = D52B8D081E299D4700644367;
			productRefGroup = D52B8D121E299D4700644367 /* Products */;
			projectDirPath = "";
			projectRoot = "";
			targets = (
				D52B8D101E299D4700644367 /* PartyRockApp */,
			);
		};
/* End PBXProject section */

/* Begin PBXResourcesBuildPhase section */
		D52B8D0F1E299D4700644367 /* Resources */ = {
			isa = PBXResourcesBuildPhase;
			buildActionMask = 2147483647;
			files = (
				D52B8D1F1E299D4700644367 /* LaunchScreen.storyboard in Resources */,
				D52B8D2A1E29A56700644367 /* still time.ttf in Resources */,
				D52B8D1C1E299D4700644367 /* Assets.xcassets in Resources */,
				D52B8D1A1E299D4700644367 /* Main.storyboard in Resources */,
			);
			runOnlyForDeploymentPostprocessing = 0;
		};
/* End PBXResourcesBuildPhase section */

/* Begin PBXSourcesBuildPhase section */
		D52B8D0D1E299D4700644367 /* Sources */ = {
			isa = PBXSourcesBuildPhase;
			buildActionMask = 2147483647;
			files = (
				D52B8D2E1E29A6A900644367 /* VideoVC.swift in Sources */,
				D52B8D171E299D4700644367 /* MainVC.swift in Sources */,
				D52B8D321E29AADC00644367 /* PartyRock.swift in Sources */,
				D52B8D301E29A7A900644367 /* PartyCell.swift in Sources */,
				D52B8D151E299D4700644367 /* AppDelegate.swift in Sources */,
			);
			runOnlyForDeploymentPostprocessing = 0;
		};
/* End PBXSourcesBuildPhase section */

/* Begin PBXVariantGroup section */
		D52B8D181E299D4700644367 /* Main.storyboard */ = {
			isa = PBXVariantGroup;
			children = (
				D52B8D191E299D4700644367 /* Base */,
			);
			name = Main.storyboard;
			sourceTree = "<group>";
		};
		D52B8D1D1E299D4700644367 /* LaunchScreen.storyboard */ = {
			isa = PBXVariantGroup;
			children = (
				D52B8D1E1E299D4700644367 /* Base */,
			);
			name = LaunchScreen.storyboard;
			sourceTree = "<group>";
		};
/* End PBXVariantGroup section */

/* Begin XCBuildConfiguration section */
		D52B8D211E299D4700644367 /* Debug */ = {
			isa = XCBuildConfiguration;
			buildSettings = {
				ALWAYS_SEARCH_USER_PATHS = NO;
				CLANG_ANALYZER_NONNULL = YES;
				CLANG_CXX_LANGUAGE_STANDARD = "gnu++0x";
				CLANG_CXX_LIBRARY = "libc++";
				CLANG_ENABLE_MODULES = YES;
				CLANG_ENABLE_OBJC_ARC = YES;
				CLANG_WARN_BOOL_CONVERSION = YES;
				CLANG_WARN_CONSTANT_CONVERSION = YES;
				CLANG_WARN_DIRECT_OBJC_ISA_USAGE = YES_ERROR;
				CLANG_WARN_DOCUMENTATION_COMMENTS = YES;
				CLANG_WARN_EMPTY_BODY = YES;
				CLANG_WARN_ENUM_CONVERSION = YES;
				CLANG_WARN_INFINITE_RECURSION = YES;
				CLANG_WARN_INT_CONVERSION = YES;
				CLANG_WARN_OBJC_ROOT_CLASS = YES_ERROR;
				CLANG_WARN_SUSPICIOUS_MOVE = YES;
				CLANG_WARN_UNREACHABLE_CODE = YES;
				CLANG_WARN__DUPLICATE_METHOD_MATCH = YES;
				"CODE_SIGN_IDENTITY[sdk=iphoneos*]" = "iPhone Developer";
				COPY_PHASE_STRIP = NO;
				DEBUG_INFORMATION_FORMAT = dwarf;
				ENABLE_STRICT_OBJC_MSGSEND = YES;
				ENABLE_TESTABILITY = YES;
				GCC_C_LANGUAGE_STANDARD = gnu99;
				GCC_DYNAMIC_NO_PIC = NO;
				GCC_NO_COMMON_BLOCKS = YES;
				GCC_OPTIMIZATION_LEVEL = 0;
				GCC_PREPROCESSOR_DEFINITIONS = (
					"DEBUG=1",
					"$(inherited)",
				);
				GCC_WARN_64_TO_32_BIT_CONVERSION = YES;
				GCC_WARN_ABOUT_RETURN_TYPE = YES_ERROR;
				GCC_WARN_UNDECLARED_SELECTOR = YES;
				GCC_WARN_UNINITIALIZED_AUTOS = YES_AGGRESSIVE;
				GCC_WARN_UNUSED_FUNCTION = YES;
				GCC_WARN_UNUSED_VARIABLE = YES;
				IPHONEOS_DEPLOYMENT_TARGET = 10.2;
				MTL_ENABLE_DEBUG_INFO = YES;
				ONLY_ACTIVE_ARCH = YES;
				SDKROOT = iphoneos;
				SWIFT_ACTIVE_COMPILATION_CONDITIONS = DEBUG;
				SWIFT_OPTIMIZATION_LEVEL = "-Onone";
			};
			name = Debug;
		};
		D52B8D221E299D4700644367 /* Release */ = {
			isa = XCBuildConfiguration;
			buildSettings = {
				ALWAYS_SEARCH_USER_PATHS = NO;
				CLANG_ANALYZER_NONNULL = YES;
				CLANG_CXX_LANGUAGE_STANDARD = "gnu++0x";
				CLANG_CXX_LIBRARY = "libc++";
				CLANG_ENABLE_MODULES = YES;
				CLANG_ENABLE_OBJC_ARC = YES;
				CLANG_WARN_BOOL_CONVERSION = YES;
				CLANG_WARN_CONSTANT_CONVERSION = YES;
				CLANG_WARN_DIRECT_OBJC_ISA_USAGE = YES_ERROR;
				CLANG_WARN_DOCUMENTATION_COMMENTS = YES;
				CLANG_WARN_EMPTY_BODY = YES;
				CLANG_WARN_ENUM_CONVERSION = YES;
				CLANG_WARN_INFINITE_RECURSION = YES;
				CLANG_WARN_INT_CONVERSION = YES;
				CLANG_WARN_OBJC_ROOT_CLASS = YES_ERROR;
				CLANG_WARN_SUSPICIOUS_MOVE = YES;
				CLANG_WARN_UNREACHABLE_CODE = YES;
				CLANG_WARN__DUPLICATE_METHOD_MATCH = YES;
				"CODE_SIGN_IDENTITY[sdk=iphoneos*]" = "iPhone Developer";
				COPY_PHASE_STRIP = NO;
				DEBUG_INFORMATION_FORMAT = "dwarf-with-dsym";
				ENABLE_NS_ASSERTIONS = NO;
				ENABLE_STRICT_OBJC_MSGSEND = YES;
				GCC_C_LANGUAGE_STANDARD = gnu99;
				GCC_NO_COMMON_BLOCKS = YES;
				GCC_WARN_64_TO_32_BIT_CONVERSION = YES;
				GCC_WARN_ABOUT_RETURN_TYPE = YES_ERROR;
				GCC_WARN_UNDECLARED_SELECTOR = YES;
				GCC_WARN_UNINITIALIZED_AUTOS = YES_AGGRESSIVE;
				GCC_WARN_UNUSED_FUNCTION = YES;
				GCC_WARN_UNUSED_VARIABLE = YES;
				IPHONEOS_DEPLOYMENT_TARGET = 10.2;
				MTL_ENABLE_DEBUG_INFO = NO;
				SDKROOT = iphoneos;
				SWIFT_OPTIMIZATION_LEVEL = "-Owholemodule";
				VALIDATE_PRODUCT = YES;
			};
			name = Release;
		};
		D52B8D241E299D4700644367 /* Debug */ = {
			isa = XCBuildConfiguration;
			buildSettings = {
				ASSETCATALOG_COMPILER_APPICON_NAME = AppIcon;
				DEVELOPMENT_TEAM = 557RECA93T;
				INFOPLIST_FILE = PartyRockApp/Info.plist;
				LD_RUNPATH_SEARCH_PATHS = "$(inherited) @executable_path/Frameworks";
				PRODUCT_BUNDLE_IDENTIFIER = com.default.PartyRockApp;
				PRODUCT_NAME = "$(TARGET_NAME)";
				SWIFT_VERSION = 3.0;
			};
			name = Debug;
		};
		D52B8D251E299D4700644367 /* Release */ = {
			isa = XCBuildConfiguration;
			buildSettings = {
				ASSETCATALOG_COMPILER_APPICON_NAME = AppIcon;
				DEVELOPMENT_TEAM = 557RECA93T;
				INFOPLIST_FILE = PartyRockApp/Info.plist;
				LD_RUNPATH_SEARCH_PATHS = "$(inherited) @executable_path/Frameworks";
				PRODUCT_BUNDLE_IDENTIFIER = com.default.PartyRockApp;
				PRODUCT_NAME = "$(TARGET_NAME)";
				SWIFT_VERSION = 3.0;
			};
			name = Release;
		};
/* End XCBuildConfiguration section */

/* Begin XCConfigurationList section */
		D52B8D0C1E299D4700644367 /* Build configuration list for PBXProject "PartyRockApp" */ = {
			isa = XCConfigurationList;
			buildConfigurations = (
				D52B8D211E299D4700644367 /* Debug */,
				D52B8D221E299D4700644367 /* Release */,
			);
			defaultConfigurationIsVisible = 0;
			defaultConfigurationName = Release;
		};
		D52B8D231E299D4700644367 /* Build configuration list for PBXNativeTarget "PartyRockApp" */ = {
			isa = XCConfigurationList;
			buildConfigurations = (
				D52B8D241E299D4700644367 /* Debug */,
				D52B8D251E299D4700644367 /* Release */,
			);
			defaultConfigurationIsVisible = 0;
		};
/* End XCConfigurationList section */
	};
	rootObject = D52B8D091E299D4700644367 /* Project object */;
}
